
Microsoft Visual Studio Solution File, Format Version 12.00
# Visual Studio 15
VisualStudioVersion = 15.0.27004.2002
MinimumVisualStudioVersion = 10.0.40219.1
Project("{FAE04EC0-301F-11D3-BF4B-00C04F79EFBC}") = "RunServer", "ServerSQL\RunServer.csproj", "{FB146A5B-64A3-44D1-BFA3-CDD91CB0A46D}"
EndProject
Project("{FAE04EC0-301F-11D3-BF4B-00C04F79EFBC}") = "Server", "Server\Server.csproj", "{BE00DC63-20E2-4C97-81A9-9C674F92ACE6}"
EndProject
Global
	GlobalSection(SolutionConfigurationPlatforms) = preSolution
		Debug|Any CPU = Debug|Any CPU
		Release|Any CPU = Release|Any CPU
	EndGlobalSection
	GlobalSection(ProjectConfigurationPlatforms) = postSolution
		{FB146A5B-64A3-44D1-BFA3-CDD91CB0A46D}.Debug|Any CPU.ActiveCfg = Debug|Any CPU
		{FB146A5B-64A3-44D1-BFA3-CDD91CB0A46D}.Debug|Any CPU.Build.0 = Debug|Any CPU
		{FB146A5B-64A3-44D1-BFA3-CDD91CB0A46D}.Release|Any CPU.ActiveCfg = Release|Any CPU
		{FB146A5B-64A3-44D1-BFA3-CDD91CB0A46D}.Release|Any CPU.Build.0 = Release|Any CPU
		{BE00DC63-20E2-4C97-81A9-9C674F92ACE6}.Debug|Any CPU.ActiveCfg = Debug|Any CPU
		{BE00DC63-20E2-4C97-81A9-9C674F92ACE6}.Debug|Any CPU.Build.0 = Debug|Any CPU
		{BE00DC63-20E2-4C97-81A9-9C674F92ACE6}.Release|Any CPU.ActiveCfg = Release|Any CPU
		{BE00DC63-20E2-4C97-81A9-9C674F92ACE6}.Release|Any CPU.Build.0 = Release|Any CPU
	EndGlobalSection
	GlobalSection(SolutionProperties) = preSolution
		HideSolutionNode = FALSE
	EndGlobalSection
	GlobalSection(ExtensibilityGlobals) = postSolution
		SolutionGuid = {D24F80A6-6904-4AD7-AFD8-843382E5BD04}
	EndGlobalSection
EndGlobal
