
Microsoft Visual Studio Solution File, Format Version 12.00
# Visual Studio 15
VisualStudioVersion = 15.0.28307.960
MinimumVisualStudioVersion = 10.0.40219.1
Project("{FAE04EC0-301F-11D3-BF4B-00C04F79EFBC}") = "managementTask", "managementTask\managementTask.csproj", "{5E2062AD-76B0-480C-A599-0922FE316BA3}"
EndProject
Global
	GlobalSection(SolutionConfigurationPlatforms) = preSolution
		Debug|Any CPU = Debug|Any CPU
		Release|Any CPU = Release|Any CPU
	EndGlobalSection
	GlobalSection(ProjectConfigurationPlatforms) = postSolution
		{5E2062AD-76B0-480C-A599-0922FE316BA3}.Debug|Any CPU.ActiveCfg = Debug|Any CPU
		{5E2062AD-76B0-480C-A599-0922FE316BA3}.Debug|Any CPU.Build.0 = Debug|Any CPU
		{5E2062AD-76B0-480C-A599-0922FE316BA3}.Release|Any CPU.ActiveCfg = Release|Any CPU
		{5E2062AD-76B0-480C-A599-0922FE316BA3}.Release|Any CPU.Build.0 = Release|Any CPU
	EndGlobalSection
	GlobalSection(SolutionProperties) = preSolution
		HideSolutionNode = FALSE
	EndGlobalSection
	GlobalSection(ExtensibilityGlobals) = postSolution
		SolutionGuid = {FA35E7EF-3A69-4334-B366-0254428AE219}
	EndGlobalSection
EndGlobal
