
Microsoft Visual Studio Solution File, Format Version 12.00
# Visual Studio Version 16
VisualStudioVersion = 16.0.29911.84
MinimumVisualStudioVersion = 10.0.40219.1
Project("{FAE04EC0-301F-11D3-BF4B-00C04F79EFBC}") = "ManagementTask-Start", "managementTask\ManagementTask-Start.csproj", "{5E2062AD-76B0-480C-A599-0922FE316BA3}"
EndProject
Project("{FAE04EC0-301F-11D3-BF4B-00C04F79EFBC}") = "Crypto", "Crypto\Crypto.csproj", "{8FAAE48B-6EFC-48DB-A98E-BE6DF5804CC5}"
EndProject
Project("{FAE04EC0-301F-11D3-BF4B-00C04F79EFBC}") = "Client", "Client\Client.csproj", "{E995C4E9-90C6-4E92-836D-A6778BF1807F}"
EndProject
Project("{FAE04EC0-301F-11D3-BF4B-00C04F79EFBC}") = "Tasks", "Tasks\Tasks.csproj", "{B61601D9-65FC-40F4-9C13-ABA4715D12FD}"
EndProject
Project("{FAE04EC0-301F-11D3-BF4B-00C04F79EFBC}") = "Users", "Users\Users.csproj", "{5A41955E-440D-4010-AB2F-BA6EB5E3329A}"
EndProject
Project("{FAE04EC0-301F-11D3-BF4B-00C04F79EFBC}") = "NewTaskForm", "NewTaskForm\NewTaskForm.csproj", "{6DA7F24D-395C-4BC4-A170-451E42B9F815}"
EndProject
Project("{FAE04EC0-301F-11D3-BF4B-00C04F79EFBC}") = "NewUserForm", "NewUserForm\NewUserForm.csproj", "{8433FABA-CDA7-48CA-B58E-61F645EF1490}"
EndProject
Project("{FAE04EC0-301F-11D3-BF4B-00C04F79EFBC}") = "EditTaskForm", "EditTaskForm\EditTaskForm.csproj", "{0714BAA5-DB5E-4F19-8651-60B788420BE0}"
EndProject
Project("{FAE04EC0-301F-11D3-BF4B-00C04F79EFBC}") = "TasksForm", "TasksForm\TasksForm.csproj", "{5A8DAC0A-CC6F-48CB-A3F9-361B9C3C7F75}"
EndProject
Project("{2150E333-8FDC-42A3-9474-1A3956D46DE8}") = "Tasks Folder", "Tasks Folder", "{BE7A5C34-4F03-4875-AAF3-730544E13502}"
EndProject
Project("{2150E333-8FDC-42A3-9474-1A3956D46DE8}") = "Users Folder", "Users Folder", "{AA18D76B-325D-4FB3-951E-E457E950E4DE}"
EndProject
Project("{2150E333-8FDC-42A3-9474-1A3956D46DE8}") = "Helper Classes", "Helper Classes", "{C3B64D6D-446D-4F04-91AE-46B0AA6E2520}"
EndProject
Global
	GlobalSection(SolutionConfigurationPlatforms) = preSolution
		Debug|Any CPU = Debug|Any CPU
		Release|Any CPU = Release|Any CPU
	EndGlobalSection
	GlobalSection(ProjectConfigurationPlatforms) = postSolution
		{5E2062AD-76B0-480C-A599-0922FE316BA3}.Debug|Any CPU.ActiveCfg = Debug|Any CPU
		{5E2062AD-76B0-480C-A599-0922FE316BA3}.Debug|Any CPU.Build.0 = Debug|Any CPU
		{5E2062AD-76B0-480C-A599-0922FE316BA3}.Release|Any CPU.ActiveCfg = Release|Any CPU
		{5E2062AD-76B0-480C-A599-0922FE316BA3}.Release|Any CPU.Build.0 = Release|Any CPU
		{8FAAE48B-6EFC-48DB-A98E-BE6DF5804CC5}.Debug|Any CPU.ActiveCfg = Debug|Any CPU
		{8FAAE48B-6EFC-48DB-A98E-BE6DF5804CC5}.Debug|Any CPU.Build.0 = Debug|Any CPU
		{8FAAE48B-6EFC-48DB-A98E-BE6DF5804CC5}.Release|Any CPU.ActiveCfg = Release|Any CPU
		{8FAAE48B-6EFC-48DB-A98E-BE6DF5804CC5}.Release|Any CPU.Build.0 = Release|Any CPU
		{E995C4E9-90C6-4E92-836D-A6778BF1807F}.Debug|Any CPU.ActiveCfg = Debug|Any CPU
		{E995C4E9-90C6-4E92-836D-A6778BF1807F}.Debug|Any CPU.Build.0 = Debug|Any CPU
		{E995C4E9-90C6-4E92-836D-A6778BF1807F}.Release|Any CPU.ActiveCfg = Release|Any CPU
		{E995C4E9-90C6-4E92-836D-A6778BF1807F}.Release|Any CPU.Build.0 = Release|Any CPU
		{B61601D9-65FC-40F4-9C13-ABA4715D12FD}.Debug|Any CPU.ActiveCfg = Debug|Any CPU
		{B61601D9-65FC-40F4-9C13-ABA4715D12FD}.Debug|Any CPU.Build.0 = Debug|Any CPU
		{B61601D9-65FC-40F4-9C13-ABA4715D12FD}.Release|Any CPU.ActiveCfg = Release|Any CPU
		{B61601D9-65FC-40F4-9C13-ABA4715D12FD}.Release|Any CPU.Build.0 = Release|Any CPU
		{5A41955E-440D-4010-AB2F-BA6EB5E3329A}.Debug|Any CPU.ActiveCfg = Debug|Any CPU
		{5A41955E-440D-4010-AB2F-BA6EB5E3329A}.Debug|Any CPU.Build.0 = Debug|Any CPU
		{5A41955E-440D-4010-AB2F-BA6EB5E3329A}.Release|Any CPU.ActiveCfg = Release|Any CPU
		{5A41955E-440D-4010-AB2F-BA6EB5E3329A}.Release|Any CPU.Build.0 = Release|Any CPU
		{6DA7F24D-395C-4BC4-A170-451E42B9F815}.Debug|Any CPU.ActiveCfg = Debug|Any CPU
		{6DA7F24D-395C-4BC4-A170-451E42B9F815}.Debug|Any CPU.Build.0 = Debug|Any CPU
		{6DA7F24D-395C-4BC4-A170-451E42B9F815}.Release|Any CPU.ActiveCfg = Release|Any CPU
		{6DA7F24D-395C-4BC4-A170-451E42B9F815}.Release|Any CPU.Build.0 = Release|Any CPU
		{8433FABA-CDA7-48CA-B58E-61F645EF1490}.Debug|Any CPU.ActiveCfg = Debug|Any CPU
		{8433FABA-CDA7-48CA-B58E-61F645EF1490}.Debug|Any CPU.Build.0 = Debug|Any CPU
		{8433FABA-CDA7-48CA-B58E-61F645EF1490}.Release|Any CPU.ActiveCfg = Release|Any CPU
		{8433FABA-CDA7-48CA-B58E-61F645EF1490}.Release|Any CPU.Build.0 = Release|Any CPU
		{0714BAA5-DB5E-4F19-8651-60B788420BE0}.Debug|Any CPU.ActiveCfg = Debug|Any CPU
		{0714BAA5-DB5E-4F19-8651-60B788420BE0}.Debug|Any CPU.Build.0 = Debug|Any CPU
		{0714BAA5-DB5E-4F19-8651-60B788420BE0}.Release|Any CPU.ActiveCfg = Release|Any CPU
		{0714BAA5-DB5E-4F19-8651-60B788420BE0}.Release|Any CPU.Build.0 = Release|Any CPU
		{5A8DAC0A-CC6F-48CB-A3F9-361B9C3C7F75}.Debug|Any CPU.ActiveCfg = Debug|Any CPU
		{5A8DAC0A-CC6F-48CB-A3F9-361B9C3C7F75}.Debug|Any CPU.Build.0 = Debug|Any CPU
		{5A8DAC0A-CC6F-48CB-A3F9-361B9C3C7F75}.Release|Any CPU.ActiveCfg = Release|Any CPU
		{5A8DAC0A-CC6F-48CB-A3F9-361B9C3C7F75}.Release|Any CPU.Build.0 = Release|Any CPU
	EndGlobalSection
	GlobalSection(SolutionProperties) = preSolution
		HideSolutionNode = FALSE
	EndGlobalSection
	GlobalSection(NestedProjects) = preSolution
		{8FAAE48B-6EFC-48DB-A98E-BE6DF5804CC5} = {C3B64D6D-446D-4F04-91AE-46B0AA6E2520}
		{E995C4E9-90C6-4E92-836D-A6778BF1807F} = {AA18D76B-325D-4FB3-951E-E457E950E4DE}
		{B61601D9-65FC-40F4-9C13-ABA4715D12FD} = {BE7A5C34-4F03-4875-AAF3-730544E13502}
		{5A41955E-440D-4010-AB2F-BA6EB5E3329A} = {AA18D76B-325D-4FB3-951E-E457E950E4DE}
		{6DA7F24D-395C-4BC4-A170-451E42B9F815} = {BE7A5C34-4F03-4875-AAF3-730544E13502}
		{8433FABA-CDA7-48CA-B58E-61F645EF1490} = {AA18D76B-325D-4FB3-951E-E457E950E4DE}
		{0714BAA5-DB5E-4F19-8651-60B788420BE0} = {BE7A5C34-4F03-4875-AAF3-730544E13502}
		{5A8DAC0A-CC6F-48CB-A3F9-361B9C3C7F75} = {BE7A5C34-4F03-4875-AAF3-730544E13502}
	EndGlobalSection
	GlobalSection(ExtensibilityGlobals) = postSolution
		SolutionGuid = {FA35E7EF-3A69-4334-B366-0254428AE219}
	EndGlobalSection
EndGlobal
